// !$*UTF8*$!
{
	archiveVersion = 1;
	classes = {
	};
	objectVersion = 56;
	objects = {

/* Begin PBXBuildFile section */
		D5D5DD262CDE1BAE00CB14BB /* AppDelegate.swift in Sources */ = {isa = PBXBuildFile; fileRef = D5D5DD252CDE1BAE00CB14BB /* AppDelegate.swift */; };
		D5D5DD282CDE1BAE00CB14BB /* SceneDelegate.swift in Sources */ = {isa = PBXBuildFile; fileRef = D5D5DD272CDE1BAE00CB14BB /* SceneDelegate.swift */; };
		D5D5DD2A2CDE1BAE00CB14BB /* ViewController.swift in Sources */ = {isa = PBXBuildFile; fileRef = D5D5DD292CDE1BAE00CB14BB /* ViewController.swift */; };
		D5D5DD2D2CDE1BAE00CB14BB /* Base in Resources */ = {isa = PBXBuildFile; fileRef = D5D5DD2C2CDE1BAE00CB14BB /* Base */; };
		D5D5DD2F2CDE1BB000CB14BB /* Assets.xcassets in Resources */ = {isa = PBXBuildFile; fileRef = D5D5DD2E2CDE1BB000CB14BB /* Assets.xcassets */; };
		D5D5DD322CDE1BB000CB14BB /* Base in Resources */ = {isa = PBXBuildFile; fileRef = D5D5DD312CDE1BB000CB14BB /* Base */; };
		D5D5DD3D2CDE1BB000CB14BB /* ImageViewTests.swift in Sources */ = {isa = PBXBuildFile; fileRef = D5D5DD3C2CDE1BB000CB14BB /* ImageViewTests.swift */; };
		D5D5DD472CDE1BB000CB14BB /* ImageViewUITests.swift in Sources */ = {isa = PBXBuildFile; fileRef = D5D5DD462CDE1BB000CB14BB /* ImageViewUITests.swift */; };
		D5D5DD492CDE1BB000CB14BB /* ImageViewUITestsLaunchTests.swift in Sources */ = {isa = PBXBuildFile; fileRef = D5D5DD482CDE1BB000CB14BB /* ImageViewUITestsLaunchTests.swift */; };
/* End PBXBuildFile section */

/* Begin PBXContainerItemProxy section */
		D5D5DD392CDE1BB000CB14BB /* PBXContainerItemProxy */ = {
			isa = PBXContainerItemProxy;
			containerPortal = D5D5DD1A2CDE1BAE00CB14BB /* Project object */;
			proxyType = 1;
			remoteGlobalIDString = D5D5DD212CDE1BAE00CB14BB;
			remoteInfo = ImageView;
		};
		D5D5DD432CDE1BB000CB14BB /* PBXContainerItemProxy */ = {
			isa = PBXContainerItemProxy;
			containerPortal = D5D5DD1A2CDE1BAE00CB14BB /* Project object */;
			proxyType = 1;
			remoteGlobalIDString = D5D5DD212CDE1BAE00CB14BB;
			remoteInfo = ImageView;
		};
/* End PBXContainerItemProxy section */

/* Begin PBXFileReference section */
		D5D5DD222CDE1BAE00CB14BB /* ImageView.app */ = {isa = PBXFileReference; explicitFileType = wrapper.application; includeInIndex = 0; path = ImageView.app; sourceTree = BUILT_PRODUCTS_DIR; };
		D5D5DD252CDE1BAE00CB14BB /* AppDelegate.swift */ = {isa = PBXFileReference; lastKnownFileType = sourcecode.swift; path = AppDelegate.swift; sourceTree = "<group>"; };
		D5D5DD272CDE1BAE00CB14BB /* SceneDelegate.swift */ = {isa = PBXFileReference; lastKnownFileType = sourcecode.swift; path = SceneDelegate.swift; sourceTree = "<group>"; };
		D5D5DD292CDE1BAE00CB14BB /* ViewController.swift */ = {isa = PBXFileReference; lastKnownFileType = sourcecode.swift; path = ViewController.swift; sourceTree = "<group>"; };
		D5D5DD2C2CDE1BAE00CB14BB /* Base */ = {isa = PBXFileReference; lastKnownFileType = file.storyboard; name = Base; path = Base.lproj/Main.storyboard; sourceTree = "<group>"; };
		D5D5DD2E2CDE1BB000CB14BB /* Assets.xcassets */ = {isa = PBXFileReference; lastKnownFileType = folder.assetcatalog; path = Assets.xcassets; sourceTree = "<group>"; };
		D5D5DD312CDE1BB000CB14BB /* Base */ = {isa = PBXFileReference; lastKnownFileType = file.storyboard; name = Base; path = Base.lproj/LaunchScreen.storyboard; sourceTree = "<group>"; };
		D5D5DD332CDE1BB000CB14BB /* Info.plist */ = {isa = PBXFileReference; lastKnownFileType = text.plist.xml; path = Info.plist; sourceTree = "<group>"; };
		D5D5DD382CDE1BB000CB14BB /* ImageViewTests.xctest */ = {isa = PBXFileReference; explicitFileType = wrapper.cfbundle; includeInIndex = 0; path = ImageViewTests.xctest; sourceTree = BUILT_PRODUCTS_DIR; };
		D5D5DD3C2CDE1BB000CB14BB /* ImageViewTests.swift */ = {isa = PBXFileReference; lastKnownFileType = sourcecode.swift; path = ImageViewTests.swift; sourceTree = "<group>"; };
		D5D5DD422CDE1BB000CB14BB /* ImageViewUITests.xctest */ = {isa = PBXFileReference; explicitFileType = wrapper.cfbundle; includeInIndex = 0; path = ImageViewUITests.xctest; sourceTree = BUILT_PRODUCTS_DIR; };
		D5D5DD462CDE1BB000CB14BB /* ImageViewUITests.swift */ = {isa = PBXFileReference; lastKnownFileType = sourcecode.swift; path = ImageViewUITests.swift; sourceTree = "<group>"; };
		D5D5DD482CDE1BB000CB14BB /* ImageViewUITestsLaunchTests.swift */ = {isa = PBXFileReference; lastKnownFileType = sourcecode.swift; path = ImageViewUITestsLaunchTests.swift; sourceTree = "<group>"; };
/* End PBXFileReference section */

/* Begin PBXFrameworksBuildPhase section */
		D5D5DD1F2CDE1BAE00CB14BB /* Frameworks */ = {
			isa = PBXFrameworksBuildPhase;
			buildActionMask = 2147483647;
			files = (
			);
			runOnlyForDeploymentPostprocessing = 0;
		};
		D5D5DD352CDE1BB000CB14BB /* Frameworks */ = {
			isa = PBXFrameworksBuildPhase;
			buildActionMask = 2147483647;
			files = (
			);
			runOnlyForDeploymentPostprocessing = 0;
		};
		D5D5DD3F2CDE1BB000CB14BB /* Frameworks */ = {
			isa = PBXFrameworksBuildPhase;
			buildActionMask = 2147483647;
			files = (
			);
			runOnlyForDeploymentPostprocessing = 0;
		};
/* End PBXFrameworksBuildPhase section */

/* Begin PBXGroup section */
		D5D5DD192CDE1BAE00CB14BB = {
			isa = PBXGroup;
			children = (
				D5D5DD242CDE1BAE00CB14BB /* ImageView */,
				D5D5DD3B2CDE1BB000CB14BB /* ImageViewTests */,
				D5D5DD452CDE1BB000CB14BB /* ImageViewUITests */,
				D5D5DD232CDE1BAE00CB14BB /* Products */,
			);
			sourceTree = "<group>";
		};
		D5D5DD232CDE1BAE00CB14BB /* Products */ = {
			isa = PBXGroup;
			children = (
				D5D5DD222CDE1BAE00CB14BB /* ImageView.app */,
				D5D5DD382CDE1BB000CB14BB /* ImageViewTests.xctest */,
				D5D5DD422CDE1BB000CB14BB /* ImageViewUITests.xctest */,
			);
			name = Products;
			sourceTree = "<group>";
		};
		D5D5DD242CDE1BAE00CB14BB /* ImageView */ = {
			isa = PBXGroup;
			children = (
				D5D5DD252CDE1BAE00CB14BB /* AppDelegate.swift */,
				D5D5DD272CDE1BAE00CB14BB /* SceneDelegate.swift */,
				D5D5DD292CDE1BAE00CB14BB /* ViewController.swift */,
				D5D5DD2B2CDE1BAE00CB14BB /* Main.storyboard */,
				D5D5DD2E2CDE1BB000CB14BB /* Assets.xcassets */,
				D5D5DD302CDE1BB000CB14BB /* LaunchScreen.storyboard */,
				D5D5DD332CDE1BB000CB14BB /* Info.plist */,
			);
			path = ImageView;
			sourceTree = "<group>";
		};
		D5D5DD3B2CDE1BB000CB14BB /* ImageViewTests */ = {
			isa = PBXGroup;
			children = (
				D5D5DD3C2CDE1BB000CB14BB /* ImageViewTests.swift */,
			);
			path = ImageViewTests;
			sourceTree = "<group>";
		};
		D5D5DD452CDE1BB000CB14BB /* ImageViewUITests */ = {
			isa = PBXGroup;
			children = (
				D5D5DD462CDE1BB000CB14BB /* ImageViewUITests.swift */,
				D5D5DD482CDE1BB000CB14BB /* ImageViewUITestsLaunchTests.swift */,
			);
			path = ImageViewUITests;
			sourceTree = "<group>";
		};
/* End PBXGroup section */

/* Begin PBXNativeTarget section */
		D5D5DD212CDE1BAE00CB14BB /* ImageView */ = {
			isa = PBXNativeTarget;
			buildConfigurationList = D5D5DD4C2CDE1BB000CB14BB /* Build configuration list for PBXNativeTarget "ImageView" */;
			buildPhases = (
				D5D5DD1E2CDE1BAE00CB14BB /* Sources */,
				D5D5DD1F2CDE1BAE00CB14BB /* Frameworks */,
				D5D5DD202CDE1BAE00CB14BB /* Resources */,
			);
			buildRules = (
			);
			dependencies = (
			);
			name = ImageView;
			productName = ImageView;
			productReference = D5D5DD222CDE1BAE00CB14BB /* ImageView.app */;
			productType = "com.apple.product-type.application";
		};
		D5D5DD372CDE1BB000CB14BB /* ImageViewTests */ = {
			isa = PBXNativeTarget;
			buildConfigurationList = D5D5DD4F2CDE1BB000CB14BB /* Build configuration list for PBXNativeTarget "ImageViewTests" */;
			buildPhases = (
				D5D5DD342CDE1BB000CB14BB /* Sources */,
				D5D5DD352CDE1BB000CB14BB /* Frameworks */,
				D5D5DD362CDE1BB000CB14BB /* Resources */,
			);
			buildRules = (
			);
			dependencies = (
				D5D5DD3A2CDE1BB000CB14BB /* PBXTargetDependency */,
			);
			name = ImageViewTests;
			productName = ImageViewTests;
			productReference = D5D5DD382CDE1BB000CB14BB /* ImageViewTests.xctest */;
			productType = "com.apple.product-type.bundle.unit-test";
		};
		D5D5DD412CDE1BB000CB14BB /* ImageViewUITests */ = {
			isa = PBXNativeTarget;
			buildConfigurationList = D5D5DD522CDE1BB000CB14BB /* Build configuration list for PBXNativeTarget "ImageViewUITests" */;
			buildPhases = (
				D5D5DD3E2CDE1BB000CB14BB /* Sources */,
				D5D5DD3F2CDE1BB000CB14BB /* Frameworks */,
				D5D5DD402CDE1BB000CB14BB /* Resources */,
			);
			buildRules = (
			);
			dependencies = (
				D5D5DD442CDE1BB000CB14BB /* PBXTargetDependency */,
			);
			name = ImageViewUITests;
			productName = ImageViewUITests;
			productReference = D5D5DD422CDE1BB000CB14BB /* ImageViewUITests.xctest */;
			productType = "com.apple.product-type.bundle.ui-testing";
		};
/* End PBXNativeTarget section */

/* Begin PBXProject section */
		D5D5DD1A2CDE1BAE00CB14BB /* Project object */ = {
			isa = PBXProject;
			attributes = {
				BuildIndependentTargetsInParallel = 1;
				LastSwiftUpdateCheck = 1540;
				LastUpgradeCheck = 1540;
				TargetAttributes = {
					D5D5DD212CDE1BAE00CB14BB = {
						CreatedOnToolsVersion = 15.4;
					};
					D5D5DD372CDE1BB000CB14BB = {
						CreatedOnToolsVersion = 15.4;
						TestTargetID = D5D5DD212CDE1BAE00CB14BB;
					};
					D5D5DD412CDE1BB000CB14BB = {
						CreatedOnToolsVersion = 15.4;
						TestTargetID = D5D5DD212CDE1BAE00CB14BB;
					};
				};
			};
			buildConfigurationList = D5D5DD1D2CDE1BAE00CB14BB /* Build configuration list for PBXProject "ImageView" */;
			compatibilityVersion = "Xcode 14.0";
			developmentRegion = en;
			hasScannedForEncodings = 0;
			knownRegions = (
				en,
				Base,
			);
			mainGroup = D5D5DD192CDE1BAE00CB14BB;
			productRefGroup = D5D5DD232CDE1BAE00CB14BB /* Products */;
			projectDirPath = "";
			projectRoot = "";
			targets = (
				D5D5DD212CDE1BAE00CB14BB /* ImageView */,
				D5D5DD372CDE1BB000CB14BB /* ImageViewTests */,
				D5D5DD412CDE1BB000CB14BB /* ImageViewUITests */,
			);
		};
/* End PBXProject section */

/* Begin PBXResourcesBuildPhase section */
		D5D5DD202CDE1BAE00CB14BB /* Resources */ = {
			isa = PBXResourcesBuildPhase;
			buildActionMask = 2147483647;
			files = (
				D5D5DD2F2CDE1BB000CB14BB /* Assets.xcassets in Resources */,
				D5D5DD322CDE1BB000CB14BB /* Base in Resources */,
				D5D5DD2D2CDE1BAE00CB14BB /* Base in Resources */,
			);
			runOnlyForDeploymentPostprocessing = 0;
		};
		D5D5DD362CDE1BB000CB14BB /* Resources */ = {
			isa = PBXResourcesBuildPhase;
			buildActionMask = 2147483647;
			files = (
			);
			runOnlyForDeploymentPostprocessing = 0;
		};
		D5D5DD402CDE1BB000CB14BB /* Resources */ = {
			isa = PBXResourcesBuildPhase;
			buildActionMask = 2147483647;
			files = (
			);
			runOnlyForDeploymentPostprocessing = 0;
		};
/* End PBXResourcesBuildPhase section */

/* Begin PBXSourcesBuildPhase section */
		D5D5DD1E2CDE1BAE00CB14BB /* Sources */ = {
			isa = PBXSourcesBuildPhase;
			buildActionMask = 2147483647;
			files = (
				D5D5DD2A2CDE1BAE00CB14BB /* ViewController.swift in Sources */,
				D5D5DD262CDE1BAE00CB14BB /* AppDelegate.swift in Sources */,
				D5D5DD282CDE1BAE00CB14BB /* SceneDelegate.swift in Sources */,
			);
			runOnlyForDeploymentPostprocessing = 0;
		};
		D5D5DD342CDE1BB000CB14BB /* Sources */ = {
			isa = PBXSourcesBuildPhase;
			buildActionMask = 2147483647;
			files = (
				D5D5DD3D2CDE1BB000CB14BB /* ImageViewTests.swift in Sources */,
			);
			runOnlyForDeploymentPostprocessing = 0;
		};
		D5D5DD3E2CDE1BB000CB14BB /* Sources */ = {
			isa = PBXSourcesBuildPhase;
			buildActionMask = 2147483647;
			files = (
				D5D5DD472CDE1BB000CB14BB /* ImageViewUITests.swift in Sources */,
				D5D5DD492CDE1BB000CB14BB /* ImageViewUITestsLaunchTests.swift in Sources */,
			);
			runOnlyForDeploymentPostprocessing = 0;
		};
/* End PBXSourcesBuildPhase section */

/* Begin PBXTargetDependency section */
		D5D5DD3A2CDE1BB000CB14BB /* PBXTargetDependency */ = {
			isa = PBXTargetDependency;
			target = D5D5DD212CDE1BAE00CB14BB /* ImageView */;
			targetProxy = D5D5DD392CDE1BB000CB14BB /* PBXContainerItemProxy */;
		};
		D5D5DD442CDE1BB000CB14BB /* PBXTargetDependency */ = {
			isa = PBXTargetDependency;
			target = D5D5DD212CDE1BAE00CB14BB /* ImageView */;
			targetProxy = D5D5DD432CDE1BB000CB14BB /* PBXContainerItemProxy */;
		};
/* End PBXTargetDependency section */

/* Begin PBXVariantGroup section */
		D5D5DD2B2CDE1BAE00CB14BB /* Main.storyboard */ = {
			isa = PBXVariantGroup;
			children = (
				D5D5DD2C2CDE1BAE00CB14BB /* Base */,
			);
			name = Main.storyboard;
			sourceTree = "<group>";
		};
		D5D5DD302CDE1BB000CB14BB /* LaunchScreen.storyboard */ = {
			isa = PBXVariantGroup;
			children = (
				D5D5DD312CDE1BB000CB14BB /* Base */,
			);
			name = LaunchScreen.storyboard;
			sourceTree = "<group>";
		};
/* End PBXVariantGroup section */

/* Begin XCBuildConfiguration section */
		D5D5DD4A2CDE1BB000CB14BB /* Debug */ = {
			isa = XCBuildConfiguration;
			buildSettings = {
				ALWAYS_SEARCH_USER_PATHS = NO;
				ASSETCATALOG_COMPILER_GENERATE_SWIFT_ASSET_SYMBOL_EXTENSIONS = YES;
				CLANG_ANALYZER_NONNULL = YES;
				CLANG_ANALYZER_NUMBER_OBJECT_CONVERSION = YES_AGGRESSIVE;
				CLANG_CXX_LANGUAGE_STANDARD = "gnu++20";
				CLANG_ENABLE_MODULES = YES;
				CLANG_ENABLE_OBJC_ARC = YES;
				CLANG_ENABLE_OBJC_WEAK = YES;
				CLANG_WARN_BLOCK_CAPTURE_AUTORELEASING = YES;
				CLANG_WARN_BOOL_CONVERSION = YES;
				CLANG_WARN_COMMA = YES;
				CLANG_WARN_CONSTANT_CONVERSION = YES;
				CLANG_WARN_DEPRECATED_OBJC_IMPLEMENTATIONS = YES;
				CLANG_WARN_DIRECT_OBJC_ISA_USAGE = YES_ERROR;
				CLANG_WARN_DOCUMENTATION_COMMENTS = YES;
				CLANG_WARN_EMPTY_BODY = YES;
				CLANG_WARN_ENUM_CONVERSION = YES;
				CLANG_WARN_INFINITE_RECURSION = YES;
				CLANG_WARN_INT_CONVERSION = YES;
				CLANG_WARN_NON_LITERAL_NULL_CONVERSION = YES;
				CLANG_WARN_OBJC_IMPLICIT_RETAIN_SELF = YES;
				CLANG_WARN_OBJC_LITERAL_CONVERSION = YES;
				CLANG_WARN_OBJC_ROOT_CLASS = YES_ERROR;
				CLANG_WARN_QUOTED_INCLUDE_IN_FRAMEWORK_HEADER = YES;
				CLANG_WARN_RANGE_LOOP_ANALYSIS = YES;
				CLANG_WARN_STRICT_PROTOTYPES = YES;
				CLANG_WARN_SUSPICIOUS_MOVE = YES;
				CLANG_WARN_UNGUARDED_AVAILABILITY = YES_AGGRESSIVE;
				CLANG_WARN_UNREACHABLE_CODE = YES;
				CLANG_WARN__DUPLICATE_METHOD_MATCH = YES;
				COPY_PHASE_STRIP = NO;
				DEBUG_INFORMATION_FORMAT = dwarf;
				ENABLE_STRICT_OBJC_MSGSEND = YES;
				ENABLE_TESTABILITY = YES;
				ENABLE_USER_SCRIPT_SANDBOXING = YES;
				GCC_C_LANGUAGE_STANDARD = gnu17;
				GCC_DYNAMIC_NO_PIC = NO;
				GCC_NO_COMMON_BLOCKS = YES;
				GCC_OPTIMIZATION_LEVEL = 0;
				GCC_PREPROCESSOR_DEFINITIONS = (
					"DEBUG=1",
					"$(inherited)",
				);
				GCC_WARN_64_TO_32_BIT_CONVERSION = YES;
				GCC_WARN_ABOUT_RETURN_TYPE = YES_ERROR;
				GCC_WARN_UNDECLARED_SELECTOR = YES;
				GCC_WARN_UNINITIALIZED_AUTOS = YES_AGGRESSIVE;
				GCC_WARN_UNUSED_FUNCTION = YES;
				GCC_WARN_UNUSED_VARIABLE = YES;
				IPHONEOS_DEPLOYMENT_TARGET = 17.5;
				LOCALIZATION_PREFERS_STRING_CATALOGS = YES;
				MTL_ENABLE_DEBUG_INFO = INCLUDE_SOURCE;
				MTL_FAST_MATH = YES;
				ONLY_ACTIVE_ARCH = YES;
				SDKROOT = iphoneos;
				SWIFT_ACTIVE_COMPILATION_CONDITIONS = "DEBUG $(inherited)";
				SWIFT_OPTIMIZATION_LEVEL = "-Onone";
			};
			name = Debug;
		};
		D5D5DD4B2CDE1BB000CB14BB /* Release */ = {
			isa = XCBuildConfiguration;
			buildSettings = {
				ALWAYS_SEARCH_USER_PATHS = NO;
				ASSETCATALOG_COMPILER_GENERATE_SWIFT_ASSET_SYMBOL_EXTENSIONS = YES;
				CLANG_ANALYZER_NONNULL = YES;
				CLANG_ANALYZER_NUMBER_OBJECT_CONVERSION = YES_AGGRESSIVE;
				CLANG_CXX_LANGUAGE_STANDARD = "gnu++20";
				CLANG_ENABLE_MODULES = YES;
				CLANG_ENABLE_OBJC_ARC = YES;
				CLANG_ENABLE_OBJC_WEAK = YES;
				CLANG_WARN_BLOCK_CAPTURE_AUTORELEASING = YES;
				CLANG_WARN_BOOL_CONVERSION = YES;
				CLANG_WARN_COMMA = YES;
				CLANG_WARN_CONSTANT_CONVERSION = YES;
				CLANG_WARN_DEPRECATED_OBJC_IMPLEMENTATIONS = YES;
				CLANG_WARN_DIRECT_OBJC_ISA_USAGE = YES_ERROR;
				CLANG_WARN_DOCUMENTATION_COMMENTS = YES;
				CLANG_WARN_EMPTY_BODY = YES;
				CLANG_WARN_ENUM_CONVERSION = YES;
				CLANG_WARN_INFINITE_RECURSION = YES;
				CLANG_WARN_INT_CONVERSION = YES;
				CLANG_WARN_NON_LITERAL_NULL_CONVERSION = YES;
				CLANG_WARN_OBJC_IMPLICIT_RETAIN_SELF = YES;
				CLANG_WARN_OBJC_LITERAL_CONVERSION = YES;
				CLANG_WARN_OBJC_ROOT_CLASS = YES_ERROR;
				CLANG_WARN_QUOTED_INCLUDE_IN_FRAMEWORK_HEADER = YES;
				CLANG_WARN_RANGE_LOOP_ANALYSIS = YES;
				CLANG_WARN_STRICT_PROTOTYPES = YES;
				CLANG_WARN_SUSPICIOUS_MOVE = YES;
				CLANG_WARN_UNGUARDED_AVAILABILITY = YES_AGGRESSIVE;
				CLANG_WARN_UNREACHABLE_CODE = YES;
				CLANG_WARN__DUPLICATE_METHOD_MATCH = YES;
				COPY_PHASE_STRIP = NO;
				DEBUG_INFORMATION_FORMAT = "dwarf-with-dsym";
				ENABLE_NS_ASSERTIONS = NO;
				ENABLE_STRICT_OBJC_MSGSEND = YES;
				ENABLE_USER_SCRIPT_SANDBOXING = YES;
				GCC_C_LANGUAGE_STANDARD = gnu17;
				GCC_NO_COMMON_BLOCKS = YES;
				GCC_WARN_64_TO_32_BIT_CONVERSION = YES;
				GCC_WARN_ABOUT_RETURN_TYPE = YES_ERROR;
				GCC_WARN_UNDECLARED_SELECTOR = YES;
				GCC_WARN_UNINITIALIZED_AUTOS = YES_AGGRESSIVE;
				GCC_WARN_UNUSED_FUNCTION = YES;
				GCC_WARN_UNUSED_VARIABLE = YES;
				IPHONEOS_DEPLOYMENT_TARGET = 17.5;
				LOCALIZATION_PREFERS_STRING_CATALOGS = YES;
				MTL_ENABLE_DEBUG_INFO = NO;
				MTL_FAST_MATH = YES;
				SDKROOT = iphoneos;
				SWIFT_COMPILATION_MODE = wholemodule;
				VALIDATE_PRODUCT = YES;
			};
			name = Release;
		};
		D5D5DD4D2CDE1BB000CB14BB /* Debug */ = {
			isa = XCBuildConfiguration;
			buildSettings = {
				ASSETCATALOG_COMPILER_APPICON_NAME = AppIcon;
				ASSETCATALOG_COMPILER_GLOBAL_ACCENT_COLOR_NAME = AccentColor;
				CODE_SIGN_STYLE = Automatic;
				CURRENT_PROJECT_VERSION = 1;
				GENERATE_INFOPLIST_FILE = YES;
				INFOPLIST_FILE = ImageView/Info.plist;
				INFOPLIST_KEY_UIApplicationSupportsIndirectInputEvents = YES;
				INFOPLIST_KEY_UILaunchStoryboardName = LaunchScreen;
				INFOPLIST_KEY_UIMainStoryboardFile = Main;
				INFOPLIST_KEY_UISupportedInterfaceOrientations_iPad = "UIInterfaceOrientationPortrait UIInterfaceOrientationPortraitUpsideDown UIInterfaceOrientationLandscapeLeft UIInterfaceOrientationLandscapeRight";
				INFOPLIST_KEY_UISupportedInterfaceOrientations_iPhone = "UIInterfaceOrientationPortrait UIInterfaceOrientationLandscapeLeft UIInterfaceOrientationLandscapeRight";
				LD_RUNPATH_SEARCH_PATHS = (
					"$(inherited)",
					"@executable_path/Frameworks",
				);
				MARKETING_VERSION = 1.0;
				PRODUCT_BUNDLE_IDENTIFIER = manasi.ImageView;
				PRODUCT_NAME = "$(TARGET_NAME)";
				SWIFT_EMIT_LOC_STRINGS = YES;
				SWIFT_VERSION = 5.0;
				TARGETED_DEVICE_FAMILY = "1,2";
			};
			name = Debug;
		};
		D5D5DD4E2CDE1BB000CB14BB /* Release */ = {
			isa = XCBuildConfiguration;
			buildSettings = {
				ASSETCATALOG_COMPILER_APPICON_NAME = AppIcon;
				ASSETCATALOG_COMPILER_GLOBAL_ACCENT_COLOR_NAME = AccentColor;
				CODE_SIGN_STYLE = Automatic;
				CURRENT_PROJECT_VERSION = 1;
				GENERATE_INFOPLIST_FILE = YES;
				INFOPLIST_FILE = ImageView/Info.plist;
				INFOPLIST_KEY_UIApplicationSupportsIndirectInputEvents = YES;
				INFOPLIST_KEY_UILaunchStoryboardName = LaunchScreen;
				INFOPLIST_KEY_UIMainStoryboardFile = Main;
				INFOPLIST_KEY_UISupportedInterfaceOrientations_iPad = "UIInterfaceOrientationPortrait UIInterfaceOrientationPortraitUpsideDown UIInterfaceOrientationLandscapeLeft UIInterfaceOrientationLandscapeRight";
				INFOPLIST_KEY_UISupportedInterfaceOrientations_iPhone = "UIInterfaceOrientationPortrait UIInterfaceOrientationLandscapeLeft UIInterfaceOrientationLandscapeRight";
				LD_RUNPATH_SEARCH_PATHS = (
					"$(inherited)",
					"@executable_path/Frameworks",
				);
				MARKETING_VERSION = 1.0;
				PRODUCT_BUNDLE_IDENTIFIER = manasi.ImageView;
				PRODUCT_NAME = "$(TARGET_NAME)";
				SWIFT_EMIT_LOC_STRINGS = YES;
				SWIFT_VERSION = 5.0;
				TARGETED_DEVICE_FAMILY = "1,2";
			};
			name = Release;
		};
		D5D5DD502CDE1BB000CB14BB /* Debug */ = {
			isa = XCBuildConfiguration;
			buildSettings = {
				ALWAYS_EMBED_SWIFT_STANDARD_LIBRARIES = YES;
				BUNDLE_LOADER = "$(TEST_HOST)";
				CODE_SIGN_STYLE = Automatic;
				CURRENT_PROJECT_VERSION = 1;
				GENERATE_INFOPLIST_FILE = YES;
				IPHONEOS_DEPLOYMENT_TARGET = 17.5;
				MARKETING_VERSION = 1.0;
				PRODUCT_BUNDLE_IDENTIFIER = manasi.ImageViewTests;
				PRODUCT_NAME = "$(TARGET_NAME)";
				SWIFT_EMIT_LOC_STRINGS = NO;
				SWIFT_VERSION = 5.0;
				TARGETED_DEVICE_FAMILY = "1,2";
				TEST_HOST = "$(BUILT_PRODUCTS_DIR)/ImageView.app/$(BUNDLE_EXECUTABLE_FOLDER_PATH)/ImageView";
			};
			name = Debug;
		};
		D5D5DD512CDE1BB000CB14BB /* Release */ = {
			isa = XCBuildConfiguration;
			buildSettings = {
				ALWAYS_EMBED_SWIFT_STANDARD_LIBRARIES = YES;
				BUNDLE_LOADER = "$(TEST_HOST)";
				CODE_SIGN_STYLE = Automatic;
				CURRENT_PROJECT_VERSION = 1;
				GENERATE_INFOPLIST_FILE = YES;
				IPHONEOS_DEPLOYMENT_TARGET = 17.5;
				MARKETING_VERSION = 1.0;
				PRODUCT_BUNDLE_IDENTIFIER = manasi.ImageViewTests;
				PRODUCT_NAME = "$(TARGET_NAME)";
				SWIFT_EMIT_LOC_STRINGS = NO;
				SWIFT_VERSION = 5.0;
				TARGETED_DEVICE_FAMILY = "1,2";
				TEST_HOST = "$(BUILT_PRODUCTS_DIR)/ImageView.app/$(BUNDLE_EXECUTABLE_FOLDER_PATH)/ImageView";
			};
			name = Release;
		};
		D5D5DD532CDE1BB000CB14BB /* Debug */ = {
			isa = XCBuildConfiguration;
			buildSettings = {
				ALWAYS_EMBED_SWIFT_STANDARD_LIBRARIES = YES;
				CODE_SIGN_STYLE = Automatic;
				CURRENT_PROJECT_VERSION = 1;
				GENERATE_INFOPLIST_FILE = YES;
				MARKETING_VERSION = 1.0;
				PRODUCT_BUNDLE_IDENTIFIER = manasi.ImageViewUITests;
				PRODUCT_NAME = "$(TARGET_NAME)";
				SWIFT_EMIT_LOC_STRINGS = NO;
				SWIFT_VERSION = 5.0;
				TARGETED_DEVICE_FAMILY = "1,2";
				TEST_TARGET_NAME = ImageView;
			};
			name = Debug;
		};
		D5D5DD542CDE1BB000CB14BB /* Release */ = {
			isa = XCBuildConfiguration;
			buildSettings = {
				ALWAYS_EMBED_SWIFT_STANDARD_LIBRARIES = YES;
				CODE_SIGN_STYLE = Automatic;
				CURRENT_PROJECT_VERSION = 1;
				GENERATE_INFOPLIST_FILE = YES;
				MARKETING_VERSION = 1.0;
				PRODUCT_BUNDLE_IDENTIFIER = manasi.ImageViewUITests;
				PRODUCT_NAME = "$(TARGET_NAME)";
				SWIFT_EMIT_LOC_STRINGS = NO;
				SWIFT_VERSION = 5.0;
				TARGETED_DEVICE_FAMILY = "1,2";
				TEST_TARGET_NAME = ImageView;
			};
			name = Release;
		};
/* End XCBuildConfiguration section */

/* Begin XCConfigurationList section */
		D5D5DD1D2CDE1BAE00CB14BB /* Build configuration list for PBXProject "ImageView" */ = {
			isa = XCConfigurationList;
			buildConfigurations = (
				D5D5DD4A2CDE1BB000CB14BB /* Debug */,
				D5D5DD4B2CDE1BB000CB14BB /* Release */,
			);
			defaultConfigurationIsVisible = 0;
			defaultConfigurationName = Release;
		};
		D5D5DD4C2CDE1BB000CB14BB /* Build configuration list for PBXNativeTarget "ImageView" */ = {
			isa = XCConfigurationList;
			buildConfigurations = (
				D5D5DD4D2CDE1BB000CB14BB /* Debug */,
				D5D5DD4E2CDE1BB000CB14BB /* Release */,
			);
			defaultConfigurationIsVisible = 0;
			defaultConfigurationName = Release;
		};
		D5D5DD4F2CDE1BB000CB14BB /* Build configuration list for PBXNativeTarget "ImageViewTests" */ = {
			isa = XCConfigurationList;
			buildConfigurations = (
				D5D5DD502CDE1BB000CB14BB /* Debug */,
				D5D5DD512CDE1BB000CB14BB /* Release */,
			);
			defaultConfigurationIsVisible = 0;
			defaultConfigurationName = Release;
		};
		D5D5DD522CDE1BB000CB14BB /* Build configuration list for PBXNativeTarget "ImageViewUITests" */ = {
			isa = XCConfigurationList;
			buildConfigurations = (
				D5D5DD532CDE1BB000CB14BB /* Debug */,
				D5D5DD542CDE1BB000CB14BB /* Release */,
			);
			defaultConfigurationIsVisible = 0;
			defaultConfigurationName = Release;
		};
/* End XCConfigurationList section */
	};
	rootObject = D5D5DD1A2CDE1BAE00CB14BB /* Project object */;
}
